
Microsoft Visual Studio Solution File, Format Version 12.00
# Visual Studio Version 16
VisualStudioVersion = 16.0.31129.286
MinimumVisualStudioVersion = 10.0.40219.1
Project("{FAE04EC0-301F-11D3-BF4B-00C04F79EFBC}") = "WebViewTest", "WebViewTest\WebViewTest.csproj", "{3E1C3EB4-298C-44CE-874C-F72D926CAF79}"
EndProject
Global
	GlobalSection(SolutionConfigurationPlatforms) = preSolution
		Debug|Any CPU = Debug|Any CPU
		Release|Any CPU = Release|Any CPU
	EndGlobalSection
	GlobalSection(ProjectConfigurationPlatforms) = postSolution
		{3E1C3EB4-298C-44CE-874C-F72D926CAF79}.Debug|Any CPU.ActiveCfg = Debug|Any CPU
		{3E1C3EB4-298C-44CE-874C-F72D926CAF79}.Debug|Any CPU.Build.0 = Debug|Any CPU
		{3E1C3EB4-298C-44CE-874C-F72D926CAF79}.Release|Any CPU.ActiveCfg = Release|Any CPU
		{3E1C3EB4-298C-44CE-874C-F72D926CAF79}.Release|Any CPU.Build.0 = Release|Any CPU
	EndGlobalSection
	GlobalSection(SolutionProperties) = preSolution
		HideSolutionNode = FALSE
	EndGlobalSection
	GlobalSection(ExtensibilityGlobals) = postSolution
		SolutionGuid = {21FB91C4-28E4-4231-8B29-B4F99031BA20}
	EndGlobalSection
EndGlobal
